version = 1
revision = 3
requires-python = ">=3.14"

[[package]]
name = "act-sdk"
version = "0.2.0"
source = { registry = "https://pypi.org/simple" }
dependencies = [
    { name = "cbor2" },
]
sdist = { url = "https://files.pythonhosted.org/packages/e4/1b/287a90165ccc5d21cd5c8c114106c0947a9a87177b8d030593234f1441a6/act_sdk-0.2.0.tar.gz", hash = "sha256:284a8e146b5f7bbc9c2f2d67f18c3cc366c02c759db211898772b969a02b8518", size = 30513, upload-time = "2026-04-29T16:43:16.334Z" }
wheels = [
    { url = "https://files.pythonhosted.org/packages/c6/b2/37a3dfcd04a4f6cf8e54b1df8c4452c13311da92d14bf9434295dece27df/act_sdk-0.2.0-py3-none-any.whl", hash = "sha256:5294443e3b3c7c0ea3e6f1408f4b28b528b5f760ee8c271fd9713adfea77f9eb", size = 12685, upload-time = "2026-04-29T16:43:15.045Z" },
]

[[package]]
name = "cbor2"
version = "5.9.0"
source = { registry = "https://pypi.org/simple" }
sdist = { url = "https://files.pythonhosted.org/packages/bd/cb/09939728be094d155b5d4ac262e39877875f5f7e36eea66beb359f647bd0/cbor2-5.9.0.tar.gz", hash = "sha256:85c7a46279ac8f226e1059275221e6b3d0e370d2bb6bd0500f9780781615bcea", size = 111231, upload-time = "2026-03-22T15:56:50.638Z" }
wheels = [
    { url = "https://files.pythonhosted.org/packages/08/7d/9ccc36d10ef96e6038e48046ebe1ce35a1e7814da0e1e204d09e6ef09b8d/cbor2-5.9.0-cp314-cp314-macosx_11_0_arm64.whl", hash = "sha256:23606d31ba1368bd1b6602e3020ee88fe9523ca80e8630faf6b2fc904fd84560", size = 71500, upload-time = "2026-03-22T15:56:31.876Z" },
    { url = "https://files.pythonhosted.org/packages/70/e1/a6cca2cc72e13f00030c6a649f57ae703eb2c620806ab70c40db8eab33fa/cbor2-5.9.0-cp314-cp314-manylinux2014_aarch64.manylinux_2_17_aarch64.manylinux_2_28_aarch64.whl", hash = "sha256:0322296b9d52f55880e300ba8ba09ecf644303b99b51138bbb1c0fb644fa7c3e", size = 286953, upload-time = "2026-03-22T15:56:33.292Z" },
    { url = "https://files.pythonhosted.org/packages/08/3c/24cd5ef488a957d90e016f200a3aad820e4c2f85edd61c9fe4523007a1ee/cbor2-5.9.0-cp314-cp314-manylinux2014_x86_64.manylinux_2_17_x86_64.manylinux_2_28_x86_64.whl", hash = "sha256:422817286c1d0ce947fb2f7eca9212b39bddd7231e8b452e2d2cc52f15332dba", size = 285454, upload-time = "2026-03-22T15:56:34.703Z" },
    { url = "https://files.pythonhosted.org/packages/a4/35/dca96818494c0ba47cdd73e8d809b27fa91f8fa0ce32a068a09237687454/cbor2-5.9.0-cp314-cp314-musllinux_1_2_aarch64.whl", hash = "sha256:9a4907e0c3035bb8836116854ed8e56d8aef23909d601fa59706320897ec2551", size = 279441, upload-time = "2026-03-22T15:56:35.888Z" },
    { url = "https://files.pythonhosted.org/packages/a4/44/d3362378b16e53cf7e535a3f5aed8476e2109068154e24e31981ef5bde9e/cbor2-5.9.0-cp314-cp314-musllinux_1_2_x86_64.whl", hash = "sha256:fb7afe77f8d269e42d7c4b515c6fd14f1ccc0625379fb6829b269f493d16eddd", size = 279673, upload-time = "2026-03-22T15:56:37.08Z" },
    { url = "https://files.pythonhosted.org/packages/43/d1/3533a697e5842fff7c2f64912eb251f8dcab3a8b5d88e228d6eebc3b5021/cbor2-5.9.0-cp314-cp314-win_amd64.whl", hash = "sha256:86baf870d4c0bfc6f79de3801f3860a84ab76d9c8b0abb7f081f2c14c38d79d3", size = 71940, upload-time = "2026-03-22T15:56:38.366Z" },
    { url = "https://files.pythonhosted.org/packages/ff/e2/c6ba75f3fb25dfa15ab6999cc8709c821987e9ed8e375d7f58539261bcb9/cbor2-5.9.0-cp314-cp314-win_arm64.whl", hash = "sha256:7221483fad0c63afa4244624d552abf89d7dfdbc5f5edfc56fc1ff2b4b818975", size = 67639, upload-time = "2026-03-22T15:56:39.39Z" },
    { url = "https://files.pythonhosted.org/packages/42/ff/b83492b096fbef26e9cb62c1a4bf2d3cef579ea7b33138c6c37c4ae66f67/cbor2-5.9.0-py3-none-any.whl", hash = "sha256:27695cbd70c90b8de5c4a284642c2836449b14e2c2e07e3ffe0744cb7669a01b", size = 24627, upload-time = "2026-03-22T15:56:48.847Z" },
]

[[package]]
name = "componentize-py"
version = "0.23.0"
source = { registry = "https://pypi.org/simple" }
sdist = { url = "https://files.pythonhosted.org/packages/ac/d6/862d195136a671671ed06363ffcb45dc38682b3b5bb4a8eaa9500464de84/componentize_py-0.23.0.tar.gz", hash = "sha256:8d5ea3dbdf6642aca4a9329be30861189c1066e1651d2ab73bb3b0f1d9871407", size = 203590, upload-time = "2026-04-15T17:25:48.104Z" }
wheels = [
    { url = "https://files.pythonhosted.org/packages/e2/a9/f5a3975d05cec7f3a95a6e931d73204aa3592280113effd7a0ac1f741864/componentize_py-0.23.0-cp39-abi3-macosx_10_12_x86_64.whl", hash = "sha256:bcd956598441713d1920396af9896ab19753bcb568299ff2db85f43bb65286ed", size = 16108001, upload-time = "2026-04-15T17:25:14.424Z" },
    { url = "https://files.pythonhosted.org/packages/75/9f/e4b08061e9f0c0abe61806b28f99ac094e2a19bdf312108c9b38be499d74/componentize_py-0.23.0-cp39-abi3-macosx_11_0_arm64.whl", hash = "sha256:d4b9b52e548f962c9ba36f15ce9793689bd29beb18a52b3480d317fc773e4506", size = 15269777, upload-time = "2026-04-15T17:25:21.826Z" },
    { url = "https://files.pythonhosted.org/packages/f8/df/b8161bcc0b4158a7cc75d558bd9b16b67bbd27ae7511ef2d06db4bea88c3/componentize_py-0.23.0-cp39-abi3-manylinux_2_28_aarch64.whl", hash = "sha256:939acedff58eba1f4864ebe9327c742e5cf52bf6e08eddfb699e82761c5ede9f", size = 16237698, upload-time = "2026-04-15T17:25:29.46Z" },
    { url = "https://files.pythonhosted.org/packages/77/8d/426f07b84efed1b98076b4193f8d29e1a5e76a2f63fbc8770b2a6f3b589a/componentize_py-0.23.0-cp39-abi3-manylinux_2_28_x86_64.whl", hash = "sha256:99eaa2cc8b5d737d2b23237618332a21838f892eec7f0359b44c464659a15ecc", size = 16808229, upload-time = "2026-04-15T17:25:37.562Z" },
    { url = "https://files.pythonhosted.org/packages/bc/9c/1c725d88d33fdc99c008fde287098b037f71c18197d54477e4ed0db101b2/componentize_py-0.23.0-cp39-abi3-win_amd64.whl", hash = "sha256:1d65d73c97ea751d2dc958fba085c501e68a7c68cf4611df910b99e18fb2057e", size = 14884887, upload-time = "2026-04-15T17:25:44.983Z" },
]

[[package]]
name = "python-eval"
version = "0.3.0"
source = { virtual = "." }
dependencies = [
    { name = "act-sdk" },
    { name = "cbor2" },
]

[package.dev-dependencies]
dev = [
    { name = "componentize-py" },
    { name = "ruff" },
]

[package.metadata]
requires-dist = [
    { name = "act-sdk", specifier = ">=0.2.0" },
    { name = "cbor2", specifier = ">=5.9.0,<6" },
]

[package.metadata.requires-dev]
dev = [
    { name = "componentize-py", specifier = ">=0.21.0" },
    { name = "ruff", specifier = ">=0.15.8" },
]

[[package]]
name = "ruff"
version = "0.15.12"
source = { registry = "https://pypi.org/simple" }
sdist = { url = "https://files.pythonhosted.org/packages/99/43/3291f1cc9106f4c63bdce7a8d0df5047fe8422a75b091c16b5e9355e0b11/ruff-0.15.12.tar.gz", hash = "sha256:ecea26adb26b4232c0c2ca19ccbc0083a68344180bba2a600605538ce51a40a6", size = 4643852, upload-time = "2026-04-24T18:17:14.305Z" }
wheels = [
    { url = "https://files.pythonhosted.org/packages/c3/6e/e78ffb61d4686f3d96ba3df2c801161843746dcbcbb17a1e927d4829312b/ruff-0.15.12-py3-none-linux_armv6l.whl", hash = "sha256:f86f176e188e94d6bdbc09f09bfd9dc729059ad93d0e7390b5a73efe19f8861c", size = 10640713, upload-time = "2026-04-24T18:17:22.841Z" },
    { url = "https://files.pythonhosted.org/packages/ae/08/a317bc231fb9e7b93e4ef3089501e51922ff88d6936ce5cf870c4fe55419/ruff-0.15.12-py3-none-macosx_10_12_x86_64.whl", hash = "sha256:e3bcd123364c3770b8e1b7baaf343cc99a35f197c5c6e8af79015c666c423a6c", size = 11069267, upload-time = "2026-04-24T18:17:30.105Z" },
    { url = "https://files.pythonhosted.org/packages/aa/a4/f828e9718d3dce1f5f11c39c4f65afd32783c8b2aebb2e3d259e492c47bd/ruff-0.15.12-py3-none-macosx_11_0_arm64.whl", hash = "sha256:fe87510d000220aa1ed530d4448a7c696a0cae1213e5ec30e5874287b66557b5", size = 10397182, upload-time = "2026-04-24T18:17:07.177Z" },
    { url = "https://files.pythonhosted.org/packages/71/e0/3310fc6d1b5e1fdea22bf3b1b807c7e187b581021b0d7d4514cccdb5fb71/ruff-0.15.12-py3-none-manylinux_2_17_aarch64.manylinux2014_aarch64.whl", hash = "sha256:84a1630093121375a3e2a95b4a6dc7b59e2b4ee76216e32d81aae550a832d002", size = 10758012, upload-time = "2026-04-24T18:16:55.759Z" },
    { url = "https://files.pythonhosted.org/packages/11/c1/a606911aee04c324ddaa883ae418f3569792fd3c4a10c50e0dd0a2311e1e/ruff-0.15.12-py3-none-manylinux_2_17_armv7l.manylinux2014_armv7l.whl", hash = "sha256:fb129f40f114f089ebe0ca56c0d251cf2061b17651d464bb6478dc01e69f11f5", size = 10447479, upload-time = "2026-04-24T18:16:51.677Z" },
    { url = "https://files.pythonhosted.org/packages/9d/68/4201e8444f0894f21ab4aeeaee68aa4f10b51613514a20d80bd628d57e88/ruff-0.15.12-py3-none-manylinux_2_17_i686.manylinux2014_i686.whl", hash = "sha256:b0c862b172d695db7598426b8af465e7e9ac00a3ea2a3630ee67eb82e366aaa6", size = 11234040, upload-time = "2026-04-24T18:17:16.529Z" },
    { url = "https://files.pythonhosted.org/packages/34/ff/8a6d6cf4ccc23fd67060874e832c18919d1557a0611ebef03fdb01fff11e/ruff-0.15.12-py3-none-manylinux_2_17_ppc64le.manylinux2014_ppc64le.whl", hash = "sha256:2849ea9f3484c3aca43a82f484210370319e7170df4dfe4843395ddf6c57bc33", size = 12087377, upload-time = "2026-04-24T18:17:04.944Z" },
    { url = "https://files.pythonhosted.org/packages/85/f6/c669cf73f5152f623d34e69866a46d5e6185816b19fcd5b6dd8a2d299922/ruff-0.15.12-py3-none-manylinux_2_17_s390x.manylinux2014_s390x.whl", hash = "sha256:9e77c7e51c07fe396826d5969a5b846d9cd4c402535835fb6e21ce8b28fef847", size = 11367784, upload-time = "2026-04-24T18:17:25.409Z" },
    { url = "https://files.pythonhosted.org/packages/e8/39/c61d193b8a1daaa8977f7dea9e8d8ba866e02ea7b65d32f6861693aa4c12/ruff-0.15.12-py3-none-manylinux_2_17_x86_64.manylinux2014_x86_64.whl", hash = "sha256:83b2f4f2f3b1026b5fb449b467d9264bf22067b600f7b6f41fc5958909f449d0", size = 11344088, upload-time = "2026-04-24T18:17:12.258Z" },
    { url = "https://files.pythonhosted.org/packages/c2/8d/49afab3645e31e12c590acb6d3b5b69d7aab5b81926dbaf7461f9441f37a/ruff-0.15.12-py3-none-manylinux_2_31_riscv64.whl", hash = "sha256:9ba3b8f1afd7e2e43d8943e55f249e13f9682fde09711644a6e7290eb4f3e339", size = 11271770, upload-time = "2026-04-24T18:17:02.457Z" },
    { url = "https://files.pythonhosted.org/packages/46/06/33f41fe94403e2b755481cdfb9b7ef3e4e0ed031c4581124658d935d52b4/ruff-0.15.12-py3-none-musllinux_1_2_aarch64.whl", hash = "sha256:e852ba9fdc890655e1d78f2df1499efbe0e54126bd405362154a75e2bde159c5", size = 10719355, upload-time = "2026-04-24T18:17:27.648Z" },
    { url = "https://files.pythonhosted.org/packages/0d/59/18aa4e014debbf559670e4048e39260a85c7fcee84acfd761ac01e7b8d35/ruff-0.15.12-py3-none-musllinux_1_2_armv7l.whl", hash = "sha256:dd8aed930da53780d22fc70bdf84452c843cf64f8cb4eb38984319c24c5cd5fd", size = 10462758, upload-time = "2026-04-24T18:17:32.347Z" },
    { url = "https://files.pythonhosted.org/packages/25/e7/cc9f16fd0f3b5fddcbd7ec3d6ae30c8f3fde1047f32a4093a98d633c6570/ruff-0.15.12-py3-none-musllinux_1_2_i686.whl", hash = "sha256:01da3988d225628b709493d7dc67c3b9b12c0210016b08690ef9bd27970b262b", size = 10953498, upload-time = "2026-04-24T18:17:20.674Z" },
    { url = "https://files.pythonhosted.org/packages/72/7a/a9ba7f98c7a575978698f4230c5e8cc54bbc761af34f560818f933dafa0c/ruff-0.15.12-py3-none-musllinux_1_2_x86_64.whl", hash = "sha256:9cae0f92bd5700d1213188b31cd3bdd2b315361296d10b96b8e2337d3d11f53e", size = 11447765, upload-time = "2026-04-24T18:17:09.755Z" },
    { url = "https://files.pythonhosted.org/packages/ea/f9/0ae446942c846b8266059ad8a30702a35afae55f5cdc54c5adf8d7afdc27/ruff-0.15.12-py3-none-win32.whl", hash = "sha256:d0185894e038d7043ba8fd6aee7499ece6462dc0ea9f1e260c7451807c714c20", size = 10657277, upload-time = "2026-04-24T18:17:18.591Z" },
    { url = "https://files.pythonhosted.org/packages/33/f1/9614e03e1cdcbf9437570b5400ced8a720b5db22b28d8e0f1bda429f660d/ruff-0.15.12-py3-none-win_amd64.whl", hash = "sha256:c87a162d61ab3adca47c03f7f717c68672edec7d1b5499e652331780fe74950d", size = 11837758, upload-time = "2026-04-24T18:17:00.113Z" },
    { url = "https://files.pythonhosted.org/packages/c0/98/6beb4b351e472e5f4c4613f7c35a5290b8be2497e183825310c4c3a3984b/ruff-0.15.12-py3-none-win_arm64.whl", hash = "sha256:a538f7a82d061cee7be55542aca1d86d1393d55d81d4fcc314370f4340930d4f", size = 11120821, upload-time = "2026-04-24T18:16:57.979Z" },
]
