version = 1
revision = 3
requires-python = ">=3.14"

[[package]]
name = "act-sdk"
version = "0.1.1"
source = { registry = "https://pypi.org/simple" }
dependencies = [
    { name = "cbor2" },
]
sdist = { url = "https://files.pythonhosted.org/packages/9b/77/9ffa6b3a0ab9b9168386018d75662a8e49287bb278c3e64ed266068bcd74/act_sdk-0.1.1.tar.gz", hash = "sha256:db2f0b290381e8a8fccfd48b0f376193fc323d8a668a2f8a9435548d9140dde9", size = 30294, upload-time = "2026-04-19T12:43:21.953Z" }
wheels = [
    { url = "https://files.pythonhosted.org/packages/d3/9d/3f7994823e1e6f17cb66e455b7e8f00e7731431cc7d32ff63c192ca39409/act_sdk-0.1.1-py3-none-any.whl", hash = "sha256:f2c8521569fa7d2acec7597b8ea19b5c86d749637f3844c98e96c0cd61b88cfb", size = 12516, upload-time = "2026-04-19T12:43:20.563Z" },
]

[[package]]
name = "cbor2"
version = "5.9.0"
source = { registry = "https://pypi.org/simple" }
sdist = { url = "https://files.pythonhosted.org/packages/bd/cb/09939728be094d155b5d4ac262e39877875f5f7e36eea66beb359f647bd0/cbor2-5.9.0.tar.gz", hash = "sha256:85c7a46279ac8f226e1059275221e6b3d0e370d2bb6bd0500f9780781615bcea", size = 111231, upload-time = "2026-03-22T15:56:50.638Z" }
wheels = [
    { url = "https://files.pythonhosted.org/packages/08/7d/9ccc36d10ef96e6038e48046ebe1ce35a1e7814da0e1e204d09e6ef09b8d/cbor2-5.9.0-cp314-cp314-macosx_11_0_arm64.whl", hash = "sha256:23606d31ba1368bd1b6602e3020ee88fe9523ca80e8630faf6b2fc904fd84560", size = 71500, upload-time = "2026-03-22T15:56:31.876Z" },
    { url = "https://files.pythonhosted.org/packages/70/e1/a6cca2cc72e13f00030c6a649f57ae703eb2c620806ab70c40db8eab33fa/cbor2-5.9.0-cp314-cp314-manylinux2014_aarch64.manylinux_2_17_aarch64.manylinux_2_28_aarch64.whl", hash = "sha256:0322296b9d52f55880e300ba8ba09ecf644303b99b51138bbb1c0fb644fa7c3e", size = 286953, upload-time = "2026-03-22T15:56:33.292Z" },
    { url = "https://files.pythonhosted.org/packages/08/3c/24cd5ef488a957d90e016f200a3aad820e4c2f85edd61c9fe4523007a1ee/cbor2-5.9.0-cp314-cp314-manylinux2014_x86_64.manylinux_2_17_x86_64.manylinux_2_28_x86_64.whl", hash = "sha256:422817286c1d0ce947fb2f7eca9212b39bddd7231e8b452e2d2cc52f15332dba", size = 285454, upload-time = "2026-03-22T15:56:34.703Z" },
    { url = "https://files.pythonhosted.org/packages/a4/35/dca96818494c0ba47cdd73e8d809b27fa91f8fa0ce32a068a09237687454/cbor2-5.9.0-cp314-cp314-musllinux_1_2_aarch64.whl", hash = "sha256:9a4907e0c3035bb8836116854ed8e56d8aef23909d601fa59706320897ec2551", size = 279441, upload-time = "2026-03-22T15:56:35.888Z" },
    { url = "https://files.pythonhosted.org/packages/a4/44/d3362378b16e53cf7e535a3f5aed8476e2109068154e24e31981ef5bde9e/cbor2-5.9.0-cp314-cp314-musllinux_1_2_x86_64.whl", hash = "sha256:fb7afe77f8d269e42d7c4b515c6fd14f1ccc0625379fb6829b269f493d16eddd", size = 279673, upload-time = "2026-03-22T15:56:37.08Z" },
    { url = "https://files.pythonhosted.org/packages/43/d1/3533a697e5842fff7c2f64912eb251f8dcab3a8b5d88e228d6eebc3b5021/cbor2-5.9.0-cp314-cp314-win_amd64.whl", hash = "sha256:86baf870d4c0bfc6f79de3801f3860a84ab76d9c8b0abb7f081f2c14c38d79d3", size = 71940, upload-time = "2026-03-22T15:56:38.366Z" },
    { url = "https://files.pythonhosted.org/packages/ff/e2/c6ba75f3fb25dfa15ab6999cc8709c821987e9ed8e375d7f58539261bcb9/cbor2-5.9.0-cp314-cp314-win_arm64.whl", hash = "sha256:7221483fad0c63afa4244624d552abf89d7dfdbc5f5edfc56fc1ff2b4b818975", size = 67639, upload-time = "2026-03-22T15:56:39.39Z" },
    { url = "https://files.pythonhosted.org/packages/42/ff/b83492b096fbef26e9cb62c1a4bf2d3cef579ea7b33138c6c37c4ae66f67/cbor2-5.9.0-py3-none-any.whl", hash = "sha256:27695cbd70c90b8de5c4a284642c2836449b14e2c2e07e3ffe0744cb7669a01b", size = 24627, upload-time = "2026-03-22T15:56:48.847Z" },
]

[[package]]
name = "componentize-py"
version = "0.23.0"
source = { registry = "https://pypi.org/simple" }
sdist = { url = "https://files.pythonhosted.org/packages/ac/d6/862d195136a671671ed06363ffcb45dc38682b3b5bb4a8eaa9500464de84/componentize_py-0.23.0.tar.gz", hash = "sha256:8d5ea3dbdf6642aca4a9329be30861189c1066e1651d2ab73bb3b0f1d9871407", size = 203590, upload-time = "2026-04-15T17:25:48.104Z" }
wheels = [
    { url = "https://files.pythonhosted.org/packages/e2/a9/f5a3975d05cec7f3a95a6e931d73204aa3592280113effd7a0ac1f741864/componentize_py-0.23.0-cp39-abi3-macosx_10_12_x86_64.whl", hash = "sha256:bcd956598441713d1920396af9896ab19753bcb568299ff2db85f43bb65286ed", size = 16108001, upload-time = "2026-04-15T17:25:14.424Z" },
    { url = "https://files.pythonhosted.org/packages/75/9f/e4b08061e9f0c0abe61806b28f99ac094e2a19bdf312108c9b38be499d74/componentize_py-0.23.0-cp39-abi3-macosx_11_0_arm64.whl", hash = "sha256:d4b9b52e548f962c9ba36f15ce9793689bd29beb18a52b3480d317fc773e4506", size = 15269777, upload-time = "2026-04-15T17:25:21.826Z" },
    { url = "https://files.pythonhosted.org/packages/f8/df/b8161bcc0b4158a7cc75d558bd9b16b67bbd27ae7511ef2d06db4bea88c3/componentize_py-0.23.0-cp39-abi3-manylinux_2_28_aarch64.whl", hash = "sha256:939acedff58eba1f4864ebe9327c742e5cf52bf6e08eddfb699e82761c5ede9f", size = 16237698, upload-time = "2026-04-15T17:25:29.46Z" },
    { url = "https://files.pythonhosted.org/packages/77/8d/426f07b84efed1b98076b4193f8d29e1a5e76a2f63fbc8770b2a6f3b589a/componentize_py-0.23.0-cp39-abi3-manylinux_2_28_x86_64.whl", hash = "sha256:99eaa2cc8b5d737d2b23237618332a21838f892eec7f0359b44c464659a15ecc", size = 16808229, upload-time = "2026-04-15T17:25:37.562Z" },
    { url = "https://files.pythonhosted.org/packages/bc/9c/1c725d88d33fdc99c008fde287098b037f71c18197d54477e4ed0db101b2/componentize_py-0.23.0-cp39-abi3-win_amd64.whl", hash = "sha256:1d65d73c97ea751d2dc958fba085c501e68a7c68cf4611df910b99e18fb2057e", size = 14884887, upload-time = "2026-04-15T17:25:44.983Z" },
]

[[package]]
name = "python-eval"
version = "0.1.1"
source = { virtual = "." }
dependencies = [
    { name = "act-sdk" },
]

[package.dev-dependencies]
dev = [
    { name = "componentize-py" },
    { name = "ruff" },
]

[package.metadata]
requires-dist = [{ name = "act-sdk", specifier = ">=0.1.1" }]

[package.metadata.requires-dev]
dev = [
    { name = "componentize-py", specifier = ">=0.21.0" },
    { name = "ruff", specifier = ">=0.15.8" },
]

[[package]]
name = "ruff"
version = "0.15.11"
source = { registry = "https://pypi.org/simple" }
sdist = { url = "https://files.pythonhosted.org/packages/e4/8d/192f3d7103816158dfd5ea50d098ef2aec19194e6cbccd4b3485bdb2eb2d/ruff-0.15.11.tar.gz", hash = "sha256:f092b21708bf0e7437ce9ada249dfe688ff9a0954fc94abab05dcea7dcd29c33", size = 4637264, upload-time = "2026-04-16T18:46:26.58Z" }
wheels = [
    { url = "https://files.pythonhosted.org/packages/02/1e/6aca3427f751295ab011828e15e9bf452200ac74484f1db4be0197b8170b/ruff-0.15.11-py3-none-linux_armv6l.whl", hash = "sha256:e927cfff503135c558eb581a0c9792264aae9507904eb27809cdcff2f2c847b7", size = 10607943, upload-time = "2026-04-16T18:46:05.967Z" },
    { url = "https://files.pythonhosted.org/packages/e7/26/1341c262e74f36d4e84f3d6f4df0ac68cd53331a66bfc5080daa17c84c0b/ruff-0.15.11-py3-none-macosx_10_12_x86_64.whl", hash = "sha256:7a1b5b2938d8f890b76084d4fa843604d787a912541eae85fd7e233398bbb73e", size = 10988592, upload-time = "2026-04-16T18:46:00.742Z" },
    { url = "https://files.pythonhosted.org/packages/03/71/850b1d6ffa9564fbb6740429bad53df1094082fe515c8c1e74b6d8d05f18/ruff-0.15.11-py3-none-macosx_11_0_arm64.whl", hash = "sha256:d4176f3d194afbdaee6e41b9ccb1a2c287dba8700047df474abfbe773825d1cb", size = 10338501, upload-time = "2026-04-16T18:46:03.723Z" },
    { url = "https://files.pythonhosted.org/packages/f2/11/cc1284d3e298c45a817a6aadb6c3e1d70b45c9b36d8d9cce3387b495a03a/ruff-0.15.11-py3-none-manylinux_2_17_aarch64.manylinux2014_aarch64.whl", hash = "sha256:3b17c886fb88203ced3afe7f14e8d5ae96e9d2f4ccc0ee66aa19f2c2675a27e4", size = 10670693, upload-time = "2026-04-16T18:46:41.941Z" },
    { url = "https://files.pythonhosted.org/packages/ce/9e/f8288b034ab72b371513c13f9a41d9ba3effac54e24bfb467b007daee2ca/ruff-0.15.11-py3-none-manylinux_2_17_armv7l.manylinux2014_armv7l.whl", hash = "sha256:49fafa220220afe7758a487b048de4c8f9f767f37dfefad46b9dd06759d003eb", size = 10416177, upload-time = "2026-04-16T18:46:21.717Z" },
    { url = "https://files.pythonhosted.org/packages/85/71/504d79abfd3d92532ba6bbe3d1c19fada03e494332a59e37c7c2dabae427/ruff-0.15.11-py3-none-manylinux_2_17_i686.manylinux2014_i686.whl", hash = "sha256:f2ab8427e74a00d93b8bda1307b1e60970d40f304af38bccb218e056c220120d", size = 11221886, upload-time = "2026-04-16T18:46:15.086Z" },
    { url = "https://files.pythonhosted.org/packages/43/5a/947e6ab7a5ad603d65b474be15a4cbc6d29832db5d762cd142e4e3a74164/ruff-0.15.11-py3-none-manylinux_2_17_ppc64le.manylinux2014_ppc64le.whl", hash = "sha256:195072c0c8e1fc8f940652073df082e37a5d9cb43b4ab1e4d0566ab8977a13b7", size = 12075183, upload-time = "2026-04-16T18:46:07.944Z" },
    { url = "https://files.pythonhosted.org/packages/9f/a1/0b7bb6268775fdd3a0818aee8efd8f5b4e231d24dd4d528ced2534023182/ruff-0.15.11-py3-none-manylinux_2_17_s390x.manylinux2014_s390x.whl", hash = "sha256:a3a0996d486af3920dec930a2e7daed4847dfc12649b537a9335585ada163e9e", size = 11516575, upload-time = "2026-04-16T18:46:31.687Z" },
    { url = "https://files.pythonhosted.org/packages/30/c3/bb5168fc4d233cc06e95f482770d0f3c87945a0cd9f614b90ea8dc2f2833/ruff-0.15.11-py3-none-manylinux_2_17_x86_64.manylinux2014_x86_64.whl", hash = "sha256:1bef2cb556d509259f1fe440bb9cd33c756222cf0a7afe90d15edf0866702431", size = 11306537, upload-time = "2026-04-16T18:46:36.988Z" },
    { url = "https://files.pythonhosted.org/packages/e4/92/4cfae6441f3967317946f3b788136eecf093729b94d6561f963ed810c82e/ruff-0.15.11-py3-none-manylinux_2_31_riscv64.whl", hash = "sha256:030d921a836d7d4a12cf6e8d984a88b66094ccb0e0f17ddd55067c331191bf19", size = 11296813, upload-time = "2026-04-16T18:46:24.182Z" },
    { url = "https://files.pythonhosted.org/packages/43/26/972784c5dde8313acde8ac71ba8ac65475b85db4a2352a76c9934361f9bc/ruff-0.15.11-py3-none-musllinux_1_2_aarch64.whl", hash = "sha256:0e783b599b4577788dbbb66b9addcef87e9a8832f4ce0c19e34bf55543a2f890", size = 10633136, upload-time = "2026-04-16T18:46:39.802Z" },
    { url = "https://files.pythonhosted.org/packages/5b/53/3985a4f185020c2f367f2e08a103032e12564829742a1b417980ce1514a0/ruff-0.15.11-py3-none-musllinux_1_2_armv7l.whl", hash = "sha256:ae90592246625ba4a34349d68ec28d4400d75182b71baa196ddb9f82db025ef5", size = 10424701, upload-time = "2026-04-16T18:46:10.381Z" },
    { url = "https://files.pythonhosted.org/packages/d3/57/bf0dfb32241b56c83bb663a826133da4bf17f682ba8c096973065f6e6a68/ruff-0.15.11-py3-none-musllinux_1_2_i686.whl", hash = "sha256:1f111d62e3c983ed20e0ca2e800f8d77433a5b1161947df99a5c2a3fb60514f0", size = 10873887, upload-time = "2026-04-16T18:46:29.157Z" },
    { url = "https://files.pythonhosted.org/packages/02/05/e48076b2a57dc33ee8c7a957296f97c744ca891a8ffb4ffb1aaa3b3f517d/ruff-0.15.11-py3-none-musllinux_1_2_x86_64.whl", hash = "sha256:06f483d6646f59eaffba9ae30956370d3a886625f511a3108994000480621d1c", size = 11404316, upload-time = "2026-04-16T18:46:19.462Z" },
    { url = "https://files.pythonhosted.org/packages/88/27/0195d15fe7a897cbcba0904792c4b7c9fdd958456c3a17d2ea6093716a9a/ruff-0.15.11-py3-none-win32.whl", hash = "sha256:476a2aa56b7da0b73a3ee80b6b2f0e19cce544245479adde7baa65466664d5f3", size = 10655535, upload-time = "2026-04-16T18:46:12.47Z" },
    { url = "https://files.pythonhosted.org/packages/3a/5e/c927b325bd4c1d3620211a4b96f47864633199feed60fa936025ab27e090/ruff-0.15.11-py3-none-win_amd64.whl", hash = "sha256:8b6756d88d7e234fb0c98c91511aae3cd519d5e3ed271cae31b20f39cb2a12a3", size = 11779692, upload-time = "2026-04-16T18:46:17.268Z" },
    { url = "https://files.pythonhosted.org/packages/63/b6/aeadee5443e49baa2facd51131159fd6301cc4ccfc1541e4df7b021c37dd/ruff-0.15.11-py3-none-win_arm64.whl", hash = "sha256:063fed18cc1bbe0ee7393957284a6fe8b588c6a406a285af3ee3f46da2391ee4", size = 11032614, upload-time = "2026-04-16T18:46:34.487Z" },
]
